
Microsoft Visual Studio Solution File, Format Version 12.00
# Visual Studio 15
VisualStudioVersion = 15.0.28307.1062
MinimumVisualStudioVersion = 10.0.40219.1
Project("{FAE04EC0-301F-11D3-BF4B-00C04F79EFBC}") = "WebCarro", "WebCarro\WebCarro.csproj", "{9DA1D4C0-FAA8-43A3-BB5B-F61967E738E4}"
EndProject
Project("{FAE04EC0-301F-11D3-BF4B-00C04F79EFBC}") = "BaseDatos", "BaseDatos\BaseDatos.csproj", "{558F959F-E3F4-4356-B6ED-EE4A362F51F0}"
EndProject
Global
	GlobalSection(SolutionConfigurationPlatforms) = preSolution
		Debug|Any CPU = Debug|Any CPU
		Release|Any CPU = Release|Any CPU
	EndGlobalSection
	GlobalSection(ProjectConfigurationPlatforms) = postSolution
		{9DA1D4C0-FAA8-43A3-BB5B-F61967E738E4}.Debug|Any CPU.ActiveCfg = Debug|Any CPU
		{9DA1D4C0-FAA8-43A3-BB5B-F61967E738E4}.Debug|Any CPU.Build.0 = Debug|Any CPU
		{9DA1D4C0-FAA8-43A3-BB5B-F61967E738E4}.Release|Any CPU.ActiveCfg = Release|Any CPU
		{9DA1D4C0-FAA8-43A3-BB5B-F61967E738E4}.Release|Any CPU.Build.0 = Release|Any CPU
		{558F959F-E3F4-4356-B6ED-EE4A362F51F0}.Debug|Any CPU.ActiveCfg = Debug|Any CPU
		{558F959F-E3F4-4356-B6ED-EE4A362F51F0}.Debug|Any CPU.Build.0 = Debug|Any CPU
		{558F959F-E3F4-4356-B6ED-EE4A362F51F0}.Release|Any CPU.ActiveCfg = Release|Any CPU
		{558F959F-E3F4-4356-B6ED-EE4A362F51F0}.Release|Any CPU.Build.0 = Release|Any CPU
	EndGlobalSection
	GlobalSection(SolutionProperties) = preSolution
		HideSolutionNode = FALSE
	EndGlobalSection
	GlobalSection(ExtensibilityGlobals) = postSolution
		SolutionGuid = {7FF24C42-EDE0-41EB-9315-E9D0018840E2}
	EndGlobalSection
EndGlobal
